// !$*UTF8*$!
{
	archiveVersion = 1;
	classes = {
	};
	objectVersion = 55;
	objects = {

/* Begin PBXBuildFile section */
		5145FB9A28B4444900B4047A /* AppDelegate.swift in Sources */ = {isa = PBXBuildFile; fileRef = 5145FB9928B4444900B4047A /* AppDelegate.swift */; };
		5145FB9C28B4444900B4047A /* SceneDelegate.swift in Sources */ = {isa = PBXBuildFile; fileRef = 5145FB9B28B4444900B4047A /* SceneDelegate.swift */; };
		5145FB9E28B4444900B4047A /* HomeViewController.swift in Sources */ = {isa = PBXBuildFile; fileRef = 5145FB9D28B4444900B4047A /* HomeViewController.swift */; };
		5145FBA128B4444900B4047A /* Main.storyboard in Resources */ = {isa = PBXBuildFile; fileRef = 5145FB9F28B4444900B4047A /* Main.storyboard */; };
		5145FBA328B4444B00B4047A /* Assets.xcassets in Resources */ = {isa = PBXBuildFile; fileRef = 5145FBA228B4444B00B4047A /* Assets.xcassets */; };
		5145FBA628B4444B00B4047A /* LaunchScreen.storyboard in Resources */ = {isa = PBXBuildFile; fileRef = 5145FBA428B4444B00B4047A /* LaunchScreen.storyboard */; };
		5145FBB328B44C9A00B4047A /* ExploreViewController.swift in Sources */ = {isa = PBXBuildFile; fileRef = 5145FBB228B44C9A00B4047A /* ExploreViewController.swift */; };
		5145FBB528B44CDF00B4047A /* CameraViewController.swift in Sources */ = {isa = PBXBuildFile; fileRef = 5145FBB428B44CDF00B4047A /* CameraViewController.swift */; };
		5145FBB728B44CFB00B4047A /* NotificationsViewController.swift in Sources */ = {isa = PBXBuildFile; fileRef = 5145FBB628B44CFB00B4047A /* NotificationsViewController.swift */; };
		5145FBB928B44D0500B4047A /* ProfileViewController.swift in Sources */ = {isa = PBXBuildFile; fileRef = 5145FBB828B44D0500B4047A /* ProfileViewController.swift */; };
		5145FBBE28B44DC800B4047A /* LoginViewController.swift in Sources */ = {isa = PBXBuildFile; fileRef = 5145FBBD28B44DC800B4047A /* LoginViewController.swift */; };
		5145FBC028B44DE600B4047A /* RegistrationViewController.swift in Sources */ = {isa = PBXBuildFile; fileRef = 5145FBBF28B44DE600B4047A /* RegistrationViewController.swift */; };
		5145FBC228B44EF000B4047A /* PostViewController.swift in Sources */ = {isa = PBXBuildFile; fileRef = 5145FBC128B44EF000B4047A /* PostViewController.swift */; };
		5145FBC428B44F1C00B4047A /* EditViewController.swift in Sources */ = {isa = PBXBuildFile; fileRef = 5145FBC328B44F1C00B4047A /* EditViewController.swift */; };
		5145FBC628B44F3F00B4047A /* SettingsViewController.swift in Sources */ = {isa = PBXBuildFile; fileRef = 5145FBC528B44F3F00B4047A /* SettingsViewController.swift */; };
		5145FBC828B44F5D00B4047A /* ListViewController.swift in Sources */ = {isa = PBXBuildFile; fileRef = 5145FBC728B44F5D00B4047A /* ListViewController.swift */; };
		5145FBCA28B44F7F00B4047A /* SearchViewController.swift in Sources */ = {isa = PBXBuildFile; fileRef = 5145FBC928B44F7F00B4047A /* SearchViewController.swift */; };
		5145FBCC28B44F9100B4047A /* SearchResultsViewController.swift in Sources */ = {isa = PBXBuildFile; fileRef = 5145FBCB28B44F9100B4047A /* SearchResultsViewController.swift */; };
		5145FBCE28B44FD100B4047A /* PostEditViewController.swift in Sources */ = {isa = PBXBuildFile; fileRef = 5145FBCD28B44FD100B4047A /* PostEditViewController.swift */; };
		5145FBD028B44FED00B4047A /* PublishPostViewController.swift in Sources */ = {isa = PBXBuildFile; fileRef = 5145FBCF28B44FED00B4047A /* PublishPostViewController.swift */; };
		5145FBD228B46FB200B4047A /* GoogleService-Info.plist in Resources */ = {isa = PBXBuildFile; fileRef = 5145FBD128B46FB200B4047A /* GoogleService-Info.plist */; };
		5145FBD528B477BB00B4047A /* DatabaseManager.swift in Sources */ = {isa = PBXBuildFile; fileRef = 5145FBD428B477BB00B4047A /* DatabaseManager.swift */; };
		5145FBD728B478C900B4047A /* AuthManager.swift in Sources */ = {isa = PBXBuildFile; fileRef = 5145FBD628B478C900B4047A /* AuthManager.swift */; };
		5145FBD928B4791E00B4047A /* StorageManager.swift in Sources */ = {isa = PBXBuildFile; fileRef = 5145FBD828B4791E00B4047A /* StorageManager.swift */; };
		51923F0828C11438001D1E1D /* FeedPostTableViewCell.swift in Sources */ = {isa = PBXBuildFile; fileRef = 51923F0728C11438001D1E1D /* FeedPostTableViewCell.swift */; };
		51923F0B28C12E96001D1E1D /* FeedPostHeaderTableViewCell.swift in Sources */ = {isa = PBXBuildFile; fileRef = 51923F0A28C12E96001D1E1D /* FeedPostHeaderTableViewCell.swift */; };
		51923F0D28C12EAB001D1E1D /* FeedPostActionsTableViewCell.swift in Sources */ = {isa = PBXBuildFile; fileRef = 51923F0C28C12EAB001D1E1D /* FeedPostActionsTableViewCell.swift */; };
		51923F0F28C12EDC001D1E1D /* FeedPostGeneralTableViewCell.swift in Sources */ = {isa = PBXBuildFile; fileRef = 51923F0E28C12EDC001D1E1D /* FeedPostGeneralTableViewCell.swift */; };
		51F84A6028B55118004E0630 /* Extensions.swift in Sources */ = {isa = PBXBuildFile; fileRef = 51F84A5F28B55118004E0630 /* Extensions.swift */; };
		53F637234580B5D48C3544CD /* Pods_FloridaGems.framework in Frameworks */ = {isa = PBXBuildFile; fileRef = 2335410BD2D0A80218BE806A /* Pods_FloridaGems.framework */; };
/* End PBXBuildFile section */

/* Begin PBXFileReference section */
		03E8E206961E4FA016BEF384 /* Pods-FloridaGems.debug.xcconfig */ = {isa = PBXFileReference; includeInIndex = 1; lastKnownFileType = text.xcconfig; name = "Pods-FloridaGems.debug.xcconfig"; path = "Target Support Files/Pods-FloridaGems/Pods-FloridaGems.debug.xcconfig"; sourceTree = "<group>"; };
		2335410BD2D0A80218BE806A /* Pods_FloridaGems.framework */ = {isa = PBXFileReference; explicitFileType = wrapper.framework; includeInIndex = 0; path = Pods_FloridaGems.framework; sourceTree = BUILT_PRODUCTS_DIR; };
		5145FB9628B4444900B4047A /* FloridaGems.app */ = {isa = PBXFileReference; explicitFileType = wrapper.application; includeInIndex = 0; path = FloridaGems.app; sourceTree = BUILT_PRODUCTS_DIR; };
		5145FB9928B4444900B4047A /* AppDelegate.swift */ = {isa = PBXFileReference; lastKnownFileType = sourcecode.swift; path = AppDelegate.swift; sourceTree = "<group>"; };
		5145FB9B28B4444900B4047A /* SceneDelegate.swift */ = {isa = PBXFileReference; lastKnownFileType = sourcecode.swift; path = SceneDelegate.swift; sourceTree = "<group>"; };
		5145FB9D28B4444900B4047A /* HomeViewController.swift */ = {isa = PBXFileReference; lastKnownFileType = sourcecode.swift; path = HomeViewController.swift; sourceTree = "<group>"; };
		5145FBA028B4444900B4047A /* Base */ = {isa = PBXFileReference; lastKnownFileType = file.storyboard; name = Base; path = Base.lproj/Main.storyboard; sourceTree = "<group>"; };
		5145FBA228B4444B00B4047A /* Assets.xcassets */ = {isa = PBXFileReference; lastKnownFileType = folder.assetcatalog; path = Assets.xcassets; sourceTree = "<group>"; };
		5145FBA528B4444B00B4047A /* Base */ = {isa = PBXFileReference; lastKnownFileType = file.storyboard; name = Base; path = Base.lproj/LaunchScreen.storyboard; sourceTree = "<group>"; };
		5145FBA728B4444B00B4047A /* Info.plist */ = {isa = PBXFileReference; lastKnownFileType = text.plist.xml; path = Info.plist; sourceTree = "<group>"; };
		5145FBB228B44C9A00B4047A /* ExploreViewController.swift */ = {isa = PBXFileReference; lastKnownFileType = sourcecode.swift; path = ExploreViewController.swift; sourceTree = "<group>"; };
		5145FBB428B44CDF00B4047A /* CameraViewController.swift */ = {isa = PBXFileReference; lastKnownFileType = sourcecode.swift; path = CameraViewController.swift; sourceTree = "<group>"; };
		5145FBB628B44CFB00B4047A /* NotificationsViewController.swift */ = {isa = PBXFileReference; lastKnownFileType = sourcecode.swift; path = NotificationsViewController.swift; sourceTree = "<group>"; };
		5145FBB828B44D0500B4047A /* ProfileViewController.swift */ = {isa = PBXFileReference; lastKnownFileType = sourcecode.swift; path = ProfileViewController.swift; sourceTree = "<group>"; };
		5145FBBD28B44DC800B4047A /* LoginViewController.swift */ = {isa = PBXFileReference; lastKnownFileType = sourcecode.swift; path = LoginViewController.swift; sourceTree = "<group>"; };
		5145FBBF28B44DE600B4047A /* RegistrationViewController.swift */ = {isa = PBXFileReference; lastKnownFileType = sourcecode.swift; path = RegistrationViewController.swift; sourceTree = "<group>"; };
		5145FBC128B44EF000B4047A /* PostViewController.swift */ = {isa = PBXFileReference; lastKnownFileType = sourcecode.swift; path = PostViewController.swift; sourceTree = "<group>"; };
		5145FBC328B44F1C00B4047A /* EditViewController.swift */ = {isa = PBXFileReference; lastKnownFileType = sourcecode.swift; path = EditViewController.swift; sourceTree = "<group>"; };
		5145FBC528B44F3F00B4047A /* SettingsViewController.swift */ = {isa = PBXFileReference; lastKnownFileType = sourcecode.swift; path = SettingsViewController.swift; sourceTree = "<group>"; };
		5145FBC728B44F5D00B4047A /* ListViewController.swift */ = {isa = PBXFileReference; lastKnownFileType = sourcecode.swift; path = ListViewController.swift; sourceTree = "<group>"; };
		5145FBC928B44F7F00B4047A /* SearchViewController.swift */ = {isa = PBXFileReference; lastKnownFileType = sourcecode.swift; path = SearchViewController.swift; sourceTree = "<group>"; };
		5145FBCB28B44F9100B4047A /* SearchResultsViewController.swift */ = {isa = PBXFileReference; lastKnownFileType = sourcecode.swift; path = SearchResultsViewController.swift; sourceTree = "<group>"; };
		5145FBCD28B44FD100B4047A /* PostEditViewController.swift */ = {isa = PBXFileReference; lastKnownFileType = sourcecode.swift; path = PostEditViewController.swift; sourceTree = "<group>"; };
		5145FBCF28B44FED00B4047A /* PublishPostViewController.swift */ = {isa = PBXFileReference; lastKnownFileType = sourcecode.swift; path = PublishPostViewController.swift; sourceTree = "<group>"; };
		5145FBD128B46FB200B4047A /* GoogleService-Info.plist */ = {isa = PBXFileReference; fileEncoding = 4; lastKnownFileType = text.plist.xml; path = "GoogleService-Info.plist"; sourceTree = "<group>"; };
		5145FBD428B477BB00B4047A /* DatabaseManager.swift */ = {isa = PBXFileReference; lastKnownFileType = sourcecode.swift; path = DatabaseManager.swift; sourceTree = "<group>"; };
		5145FBD628B478C900B4047A /* AuthManager.swift */ = {isa = PBXFileReference; lastKnownFileType = sourcecode.swift; path = AuthManager.swift; sourceTree = "<group>"; };
		5145FBD828B4791E00B4047A /* StorageManager.swift */ = {isa = PBXFileReference; lastKnownFileType = sourcecode.swift; path = StorageManager.swift; sourceTree = "<group>"; };
		51923F0728C11438001D1E1D /* FeedPostTableViewCell.swift */ = {isa = PBXFileReference; lastKnownFileType = sourcecode.swift; path = FeedPostTableViewCell.swift; sourceTree = "<group>"; };
		51923F0A28C12E96001D1E1D /* FeedPostHeaderTableViewCell.swift */ = {isa = PBXFileReference; lastKnownFileType = sourcecode.swift; path = FeedPostHeaderTableViewCell.swift; sourceTree = "<group>"; };
		51923F0C28C12EAB001D1E1D /* FeedPostActionsTableViewCell.swift */ = {isa = PBXFileReference; lastKnownFileType = sourcecode.swift; path = FeedPostActionsTableViewCell.swift; sourceTree = "<group>"; };
		51923F0E28C12EDC001D1E1D /* FeedPostGeneralTableViewCell.swift */ = {isa = PBXFileReference; lastKnownFileType = sourcecode.swift; path = FeedPostGeneralTableViewCell.swift; sourceTree = "<group>"; };
		51F84A5F28B55118004E0630 /* Extensions.swift */ = {isa = PBXFileReference; lastKnownFileType = sourcecode.swift; path = Extensions.swift; sourceTree = "<group>"; };
		6CC79294363AF5AFFF6802DA /* Pods-FloridaGems.release.xcconfig */ = {isa = PBXFileReference; includeInIndex = 1; lastKnownFileType = text.xcconfig; name = "Pods-FloridaGems.release.xcconfig"; path = "Target Support Files/Pods-FloridaGems/Pods-FloridaGems.release.xcconfig"; sourceTree = "<group>"; };
/* End PBXFileReference section */

/* Begin PBXFrameworksBuildPhase section */
		5145FB9328B4444900B4047A /* Frameworks */ = {
			isa = PBXFrameworksBuildPhase;
			buildActionMask = 2147483647;
			files = (
				53F637234580B5D48C3544CD /* Pods_FloridaGems.framework in Frameworks */,
			);
			runOnlyForDeploymentPostprocessing = 0;
		};
/* End PBXFrameworksBuildPhase section */

/* Begin PBXGroup section */
		5145FB8D28B4444900B4047A = {
			isa = PBXGroup;
			children = (
				5145FB9828B4444900B4047A /* FloridaGems */,
				5145FB9728B4444900B4047A /* Products */,
				F6A81F30D6EA039E0E3485AD /* Pods */,
				8BFDD767703168F9F83174DE /* Frameworks */,
			);
			sourceTree = "<group>";
		};
		5145FB9728B4444900B4047A /* Products */ = {
			isa = PBXGroup;
			children = (
				5145FB9628B4444900B4047A /* FloridaGems.app */,
			);
			name = Products;
			sourceTree = "<group>";
		};
		5145FB9828B4444900B4047A /* FloridaGems */ = {
			isa = PBXGroup;
			children = (
				5145FBB028B44B3300B4047A /* Resources */,
				5145FBAF28B44B1F00B4047A /* Models */,
				5145FBAE28B44B1700B4047A /* Views */,
				5145FBAD28B44B0400B4047A /* Controllers */,
				5145FBA728B4444B00B4047A /* Info.plist */,
			);
			path = FloridaGems;
			sourceTree = "<group>";
		};
		5145FBAD28B44B0400B4047A /* Controllers */ = {
			isa = PBXGroup;
			children = (
				5145FBBB28B44DAA00B4047A /* Others */,
				5145FBBA28B44D2200B4047A /* Core Tabs */,
			);
			path = Controllers;
			sourceTree = "<group>";
		};
		5145FBAE28B44B1700B4047A /* Views */ = {
			isa = PBXGroup;
			children = (
				51923F0628C1140B001D1E1D /* Cells */,
				5145FBA228B4444B00B4047A /* Assets.xcassets */,
				5145FBB128B44B8D00B4047A /* Storyboards */,
			);
			path = Views;
			sourceTree = "<group>";
		};
		5145FBAF28B44B1F00B4047A /* Models */ = {
			isa = PBXGroup;
			children = (
			);
			path = Models;
			sourceTree = "<group>";
		};
		5145FBB028B44B3300B4047A /* Resources */ = {
			isa = PBXGroup;
			children = (
				5145FBD128B46FB200B4047A /* GoogleService-Info.plist */,
				5145FB9928B4444900B4047A /* AppDelegate.swift */,
				5145FB9B28B4444900B4047A /* SceneDelegate.swift */,
				5145FBD428B477BB00B4047A /* DatabaseManager.swift */,
				5145FBD628B478C900B4047A /* AuthManager.swift */,
				5145FBD828B4791E00B4047A /* StorageManager.swift */,
				51F84A5F28B55118004E0630 /* Extensions.swift */,
			);
			path = Resources;
			sourceTree = "<group>";
		};
		5145FBB128B44B8D00B4047A /* Storyboards */ = {
			isa = PBXGroup;
			children = (
				5145FB9F28B4444900B4047A /* Main.storyboard */,
				5145FBA428B4444B00B4047A /* LaunchScreen.storyboard */,
			);
			path = Storyboards;
			sourceTree = "<group>";
		};
		5145FBBA28B44D2200B4047A /* Core Tabs */ = {
			isa = PBXGroup;
			children = (
				5145FB9D28B4444900B4047A /* HomeViewController.swift */,
				5145FBB228B44C9A00B4047A /* ExploreViewController.swift */,
				5145FBB428B44CDF00B4047A /* CameraViewController.swift */,
				5145FBB628B44CFB00B4047A /* NotificationsViewController.swift */,
				5145FBB828B44D0500B4047A /* ProfileViewController.swift */,
			);
			path = "Core Tabs";
			sourceTree = "<group>";
		};
		5145FBBB28B44DAA00B4047A /* Others */ = {
			isa = PBXGroup;
			children = (
				5145FBBC28B44DAE00B4047A /* Onboarding */,
				5145FBD328B476D700B4047A /* General */,
			);
			path = Others;
			sourceTree = "<group>";
		};
		5145FBBC28B44DAE00B4047A /* Onboarding */ = {
			isa = PBXGroup;
			children = (
				5145FBBD28B44DC800B4047A /* LoginViewController.swift */,
				5145FBBF28B44DE600B4047A /* RegistrationViewController.swift */,
			);
			path = Onboarding;
			sourceTree = "<group>";
		};
		5145FBD328B476D700B4047A /* General */ = {
			isa = PBXGroup;
			children = (
				5145FBC528B44F3F00B4047A /* SettingsViewController.swift */,
				5145FBC128B44EF000B4047A /* PostViewController.swift */,
				5145FBC328B44F1C00B4047A /* EditViewController.swift */,
				5145FBC728B44F5D00B4047A /* ListViewController.swift */,
				5145FBC928B44F7F00B4047A /* SearchViewController.swift */,
				5145FBCB28B44F9100B4047A /* SearchResultsViewController.swift */,
				5145FBCD28B44FD100B4047A /* PostEditViewController.swift */,
				5145FBCF28B44FED00B4047A /* PublishPostViewController.swift */,
			);
			path = General;
			sourceTree = "<group>";
		};
		51923F0628C1140B001D1E1D /* Cells */ = {
			isa = PBXGroup;
			children = (
				51923F0928C12E3B001D1E1D /* Home Feed */,
			);
			path = Cells;
			sourceTree = "<group>";
		};
		51923F0928C12E3B001D1E1D /* Home Feed */ = {
			isa = PBXGroup;
			children = (
				51923F0728C11438001D1E1D /* FeedPostTableViewCell.swift */,
				51923F0A28C12E96001D1E1D /* FeedPostHeaderTableViewCell.swift */,
				51923F0C28C12EAB001D1E1D /* FeedPostActionsTableViewCell.swift */,
				51923F0E28C12EDC001D1E1D /* FeedPostGeneralTableViewCell.swift */,
			);
			path = "Home Feed";
			sourceTree = "<group>";
		};
		8BFDD767703168F9F83174DE /* Frameworks */ = {
			isa = PBXGroup;
			children = (
				2335410BD2D0A80218BE806A /* Pods_FloridaGems.framework */,
			);
			name = Frameworks;
			sourceTree = "<group>";
		};
		F6A81F30D6EA039E0E3485AD /* Pods */ = {
			isa = PBXGroup;
			children = (
				03E8E206961E4FA016BEF384 /* Pods-FloridaGems.debug.xcconfig */,
				6CC79294363AF5AFFF6802DA /* Pods-FloridaGems.release.xcconfig */,
			);
			path = Pods;
			sourceTree = "<group>";
		};
/* End PBXGroup section */

/* Begin PBXNativeTarget section */
		5145FB9528B4444900B4047A /* FloridaGems */ = {
			isa = PBXNativeTarget;
			buildConfigurationList = 5145FBAA28B4444B00B4047A /* Build configuration list for PBXNativeTarget "FloridaGems" */;
			buildPhases = (
				36F9FE07A05EE71D6677C4C7 /* [CP] Check Pods Manifest.lock */,
				5145FB9228B4444900B4047A /* Sources */,
				5145FB9328B4444900B4047A /* Frameworks */,
				5145FB9428B4444900B4047A /* Resources */,
				6EBF546C2C82AE84101CAAE9 /* [CP] Embed Pods Frameworks */,
			);
			buildRules = (
			);
			dependencies = (
			);
			name = FloridaGems;
			productName = FloridaGems;
			productReference = 5145FB9628B4444900B4047A /* FloridaGems.app */;
			productType = "com.apple.product-type.application";
		};
/* End PBXNativeTarget section */

/* Begin PBXProject section */
		5145FB8E28B4444900B4047A /* Project object */ = {
			isa = PBXProject;
			attributes = {
				BuildIndependentTargetsInParallel = 1;
				LastSwiftUpdateCheck = 1340;
				LastUpgradeCheck = 1340;
				TargetAttributes = {
					5145FB9528B4444900B4047A = {
						CreatedOnToolsVersion = 13.4.1;
					};
				};
			};
			buildConfigurationList = 5145FB9128B4444900B4047A /* Build configuration list for PBXProject "FloridaGems" */;
			compatibilityVersion = "Xcode 13.0";
			developmentRegion = en;
			hasScannedForEncodings = 0;
			knownRegions = (
				en,
				Base,
			);
			mainGroup = 5145FB8D28B4444900B4047A;
			productRefGroup = 5145FB9728B4444900B4047A /* Products */;
			projectDirPath = "";
			projectRoot = "";
			targets = (
				5145FB9528B4444900B4047A /* FloridaGems */,
			);
		};
/* End PBXProject section */

/* Begin PBXResourcesBuildPhase section */
		5145FB9428B4444900B4047A /* Resources */ = {
			isa = PBXResourcesBuildPhase;
			buildActionMask = 2147483647;
			files = (
				5145FBA628B4444B00B4047A /* LaunchScreen.storyboard in Resources */,
				5145FBD228B46FB200B4047A /* GoogleService-Info.plist in Resources */,
				5145FBA328B4444B00B4047A /* Assets.xcassets in Resources */,
				5145FBA128B4444900B4047A /* Main.storyboard in Resources */,
			);
			runOnlyForDeploymentPostprocessing = 0;
		};
/* End PBXResourcesBuildPhase section */

/* Begin PBXShellScriptBuildPhase section */
		36F9FE07A05EE71D6677C4C7 /* [CP] Check Pods Manifest.lock */ = {
			isa = PBXShellScriptBuildPhase;
			buildActionMask = 2147483647;
			files = (
			);
			inputFileListPaths = (
			);
			inputPaths = (
				"${PODS_PODFILE_DIR_PATH}/Podfile.lock",
				"${PODS_ROOT}/Manifest.lock",
			);
			name = "[CP] Check Pods Manifest.lock";
			outputFileListPaths = (
			);
			outputPaths = (
				"$(DERIVED_FILE_DIR)/Pods-FloridaGems-checkManifestLockResult.txt",
			);
			runOnlyForDeploymentPostprocessing = 0;
			shellPath = /bin/sh;
			shellScript = "diff \"${PODS_PODFILE_DIR_PATH}/Podfile.lock\" \"${PODS_ROOT}/Manifest.lock\" > /dev/null\nif [ $? != 0 ] ; then\n    # print error to STDERR\n    echo \"error: The sandbox is not in sync with the Podfile.lock. Run 'pod install' or update your CocoaPods installation.\" >&2\n    exit 1\nfi\n# This output is used by Xcode 'outputs' to avoid re-running this script phase.\necho \"SUCCESS\" > \"${SCRIPT_OUTPUT_FILE_0}\"\n";
			showEnvVarsInLog = 0;
		};
		6EBF546C2C82AE84101CAAE9 /* [CP] Embed Pods Frameworks */ = {
			isa = PBXShellScriptBuildPhase;
			buildActionMask = 2147483647;
			files = (
			);
			inputFileListPaths = (
				"${PODS_ROOT}/Target Support Files/Pods-FloridaGems/Pods-FloridaGems-frameworks-${CONFIGURATION}-input-files.xcfilelist",
			);
			name = "[CP] Embed Pods Frameworks";
			outputFileListPaths = (
				"${PODS_ROOT}/Target Support Files/Pods-FloridaGems/Pods-FloridaGems-frameworks-${CONFIGURATION}-output-files.xcfilelist",
			);
			runOnlyForDeploymentPostprocessing = 0;
			shellPath = /bin/sh;
			shellScript = "\"${PODS_ROOT}/Target Support Files/Pods-FloridaGems/Pods-FloridaGems-frameworks.sh\"\n";
			showEnvVarsInLog = 0;
		};
/* End PBXShellScriptBuildPhase section */

/* Begin PBXSourcesBuildPhase section */
		5145FB9228B4444900B4047A /* Sources */ = {
			isa = PBXSourcesBuildPhase;
			buildActionMask = 2147483647;
			files = (
				5145FBB328B44C9A00B4047A /* ExploreViewController.swift in Sources */,
				5145FBB528B44CDF00B4047A /* CameraViewController.swift in Sources */,
				5145FBD028B44FED00B4047A /* PublishPostViewController.swift in Sources */,
				5145FBCE28B44FD100B4047A /* PostEditViewController.swift in Sources */,
				5145FB9E28B4444900B4047A /* HomeViewController.swift in Sources */,
				5145FBC028B44DE600B4047A /* RegistrationViewController.swift in Sources */,
				5145FBCC28B44F9100B4047A /* SearchResultsViewController.swift in Sources */,
				5145FBD928B4791E00B4047A /* StorageManager.swift in Sources */,
				5145FBC228B44EF000B4047A /* PostViewController.swift in Sources */,
				51923F0828C11438001D1E1D /* FeedPostTableViewCell.swift in Sources */,
				5145FBD528B477BB00B4047A /* DatabaseManager.swift in Sources */,
				5145FBB728B44CFB00B4047A /* NotificationsViewController.swift in Sources */,
				5145FBBE28B44DC800B4047A /* LoginViewController.swift in Sources */,
				5145FBB928B44D0500B4047A /* ProfileViewController.swift in Sources */,
				51F84A6028B55118004E0630 /* Extensions.swift in Sources */,
				51923F0D28C12EAB001D1E1D /* FeedPostActionsTableViewCell.swift in Sources */,
				5145FBCA28B44F7F00B4047A /* SearchViewController.swift in Sources */,
				5145FB9A28B4444900B4047A /* AppDelegate.swift in Sources */,
				5145FBD728B478C900B4047A /* AuthManager.swift in Sources */,
				51923F0F28C12EDC001D1E1D /* FeedPostGeneralTableViewCell.swift in Sources */,
				5145FBC428B44F1C00B4047A /* EditViewController.swift in Sources */,
				5145FB9C28B4444900B4047A /* SceneDelegate.swift in Sources */,
				5145FBC828B44F5D00B4047A /* ListViewController.swift in Sources */,
				5145FBC628B44F3F00B4047A /* SettingsViewController.swift in Sources */,
				51923F0B28C12E96001D1E1D /* FeedPostHeaderTableViewCell.swift in Sources */,
			);
			runOnlyForDeploymentPostprocessing = 0;
		};
/* End PBXSourcesBuildPhase section */

/* Begin PBXVariantGroup section */
		5145FB9F28B4444900B4047A /* Main.storyboard */ = {
			isa = PBXVariantGroup;
			children = (
				5145FBA028B4444900B4047A /* Base */,
			);
			name = Main.storyboard;
			sourceTree = "<group>";
		};
		5145FBA428B4444B00B4047A /* LaunchScreen.storyboard */ = {
			isa = PBXVariantGroup;
			children = (
				5145FBA528B4444B00B4047A /* Base */,
			);
			name = LaunchScreen.storyboard;
			sourceTree = "<group>";
		};
/* End PBXVariantGroup section */

/* Begin XCBuildConfiguration section */
		5145FBA828B4444B00B4047A /* Debug */ = {
			isa = XCBuildConfiguration;
			buildSettings = {
				ALWAYS_SEARCH_USER_PATHS = NO;
				CLANG_ANALYZER_NONNULL = YES;
				CLANG_ANALYZER_NUMBER_OBJECT_CONVERSION = YES_AGGRESSIVE;
				CLANG_CXX_LANGUAGE_STANDARD = "gnu++17";
				CLANG_ENABLE_MODULES = YES;
				CLANG_ENABLE_OBJC_ARC = YES;
				CLANG_ENABLE_OBJC_WEAK = YES;
				CLANG_WARN_BLOCK_CAPTURE_AUTORELEASING = YES;
				CLANG_WARN_BOOL_CONVERSION = YES;
				CLANG_WARN_COMMA = YES;
				CLANG_WARN_CONSTANT_CONVERSION = YES;
				CLANG_WARN_DEPRECATED_OBJC_IMPLEMENTATIONS = YES;
				CLANG_WARN_DIRECT_OBJC_ISA_USAGE = YES_ERROR;
				CLANG_WARN_DOCUMENTATION_COMMENTS = YES;
				CLANG_WARN_EMPTY_BODY = YES;
				CLANG_WARN_ENUM_CONVERSION = YES;
				CLANG_WARN_INFINITE_RECURSION = YES;
				CLANG_WARN_INT_CONVERSION = YES;
				CLANG_WARN_NON_LITERAL_NULL_CONVERSION = YES;
				CLANG_WARN_OBJC_IMPLICIT_RETAIN_SELF = YES;
				CLANG_WARN_OBJC_LITERAL_CONVERSION = YES;
				CLANG_WARN_OBJC_ROOT_CLASS = YES_ERROR;
				CLANG_WARN_QUOTED_INCLUDE_IN_FRAMEWORK_HEADER = YES;
				CLANG_WARN_RANGE_LOOP_ANALYSIS = YES;
				CLANG_WARN_STRICT_PROTOTYPES = YES;
				CLANG_WARN_SUSPICIOUS_MOVE = YES;
				CLANG_WARN_UNGUARDED_AVAILABILITY = YES_AGGRESSIVE;
				CLANG_WARN_UNREACHABLE_CODE = YES;
				CLANG_WARN__DUPLICATE_METHOD_MATCH = YES;
				COPY_PHASE_STRIP = NO;
				DEBUG_INFORMATION_FORMAT = dwarf;
				ENABLE_STRICT_OBJC_MSGSEND = YES;
				ENABLE_TESTABILITY = YES;
				GCC_C_LANGUAGE_STANDARD = gnu11;
				GCC_DYNAMIC_NO_PIC = NO;
				GCC_NO_COMMON_BLOCKS = YES;
				GCC_OPTIMIZATION_LEVEL = 0;
				GCC_PREPROCESSOR_DEFINITIONS = (
					"DEBUG=1",
					"$(inherited)",
				);
				GCC_WARN_64_TO_32_BIT_CONVERSION = YES;
				GCC_WARN_ABOUT_RETURN_TYPE = YES_ERROR;
				GCC_WARN_UNDECLARED_SELECTOR = YES;
				GCC_WARN_UNINITIALIZED_AUTOS = YES_AGGRESSIVE;
				GCC_WARN_UNUSED_FUNCTION = YES;
				GCC_WARN_UNUSED_VARIABLE = YES;
				IPHONEOS_DEPLOYMENT_TARGET = 15.5;
				MTL_ENABLE_DEBUG_INFO = INCLUDE_SOURCE;
				MTL_FAST_MATH = YES;
				ONLY_ACTIVE_ARCH = YES;
				SDKROOT = iphoneos;
				SWIFT_ACTIVE_COMPILATION_CONDITIONS = DEBUG;
				SWIFT_OPTIMIZATION_LEVEL = "-Onone";
			};
			name = Debug;
		};
		5145FBA928B4444B00B4047A /* Release */ = {
			isa = XCBuildConfiguration;
			buildSettings = {
				ALWAYS_SEARCH_USER_PATHS = NO;
				CLANG_ANALYZER_NONNULL = YES;
				CLANG_ANALYZER_NUMBER_OBJECT_CONVERSION = YES_AGGRESSIVE;
				CLANG_CXX_LANGUAGE_STANDARD = "gnu++17";
				CLANG_ENABLE_MODULES = YES;
				CLANG_ENABLE_OBJC_ARC = YES;
				CLANG_ENABLE_OBJC_WEAK = YES;
				CLANG_WARN_BLOCK_CAPTURE_AUTORELEASING = YES;
				CLANG_WARN_BOOL_CONVERSION = YES;
				CLANG_WARN_COMMA = YES;
				CLANG_WARN_CONSTANT_CONVERSION = YES;
				CLANG_WARN_DEPRECATED_OBJC_IMPLEMENTATIONS = YES;
				CLANG_WARN_DIRECT_OBJC_ISA_USAGE = YES_ERROR;
				CLANG_WARN_DOCUMENTATION_COMMENTS = YES;
				CLANG_WARN_EMPTY_BODY = YES;
				CLANG_WARN_ENUM_CONVERSION = YES;
				CLANG_WARN_INFINITE_RECURSION = YES;
				CLANG_WARN_INT_CONVERSION = YES;
				CLANG_WARN_NON_LITERAL_NULL_CONVERSION = YES;
				CLANG_WARN_OBJC_IMPLICIT_RETAIN_SELF = YES;
				CLANG_WARN_OBJC_LITERAL_CONVERSION = YES;
				CLANG_WARN_OBJC_ROOT_CLASS = YES_ERROR;
				CLANG_WARN_QUOTED_INCLUDE_IN_FRAMEWORK_HEADER = YES;
				CLANG_WARN_RANGE_LOOP_ANALYSIS = YES;
				CLANG_WARN_STRICT_PROTOTYPES = YES;
				CLANG_WARN_SUSPICIOUS_MOVE = YES;
				CLANG_WARN_UNGUARDED_AVAILABILITY = YES_AGGRESSIVE;
				CLANG_WARN_UNREACHABLE_CODE = YES;
				CLANG_WARN__DUPLICATE_METHOD_MATCH = YES;
				COPY_PHASE_STRIP = NO;
				DEBUG_INFORMATION_FORMAT = "dwarf-with-dsym";
				ENABLE_NS_ASSERTIONS = NO;
				ENABLE_STRICT_OBJC_MSGSEND = YES;
				GCC_C_LANGUAGE_STANDARD = gnu11;
				GCC_NO_COMMON_BLOCKS = YES;
				GCC_WARN_64_TO_32_BIT_CONVERSION = YES;
				GCC_WARN_ABOUT_RETURN_TYPE = YES_ERROR;
				GCC_WARN_UNDECLARED_SELECTOR = YES;
				GCC_WARN_UNINITIALIZED_AUTOS = YES_AGGRESSIVE;
				GCC_WARN_UNUSED_FUNCTION = YES;
				GCC_WARN_UNUSED_VARIABLE = YES;
				IPHONEOS_DEPLOYMENT_TARGET = 15.5;
				MTL_ENABLE_DEBUG_INFO = NO;
				MTL_FAST_MATH = YES;
				SDKROOT = iphoneos;
				SWIFT_COMPILATION_MODE = wholemodule;
				SWIFT_OPTIMIZATION_LEVEL = "-O";
				VALIDATE_PRODUCT = YES;
			};
			name = Release;
		};
		5145FBAB28B4444B00B4047A /* Debug */ = {
			isa = XCBuildConfiguration;
			baseConfigurationReference = 03E8E206961E4FA016BEF384 /* Pods-FloridaGems.debug.xcconfig */;
			buildSettings = {
				ASSETCATALOG_COMPILER_APPICON_NAME = AppIcon;
				ASSETCATALOG_COMPILER_GLOBAL_ACCENT_COLOR_NAME = AccentColor;
				CODE_SIGN_STYLE = Automatic;
				CURRENT_PROJECT_VERSION = 1;
				GENERATE_INFOPLIST_FILE = YES;
				INFOPLIST_FILE = FloridaGems/Info.plist;
				INFOPLIST_KEY_UIApplicationSupportsIndirectInputEvents = YES;
				INFOPLIST_KEY_UILaunchStoryboardName = LaunchScreen;
				INFOPLIST_KEY_UIMainStoryboardFile = Main;
				INFOPLIST_KEY_UISupportedInterfaceOrientations = UIInterfaceOrientationPortrait;
				INFOPLIST_KEY_UISupportedInterfaceOrientations_iPad = "UIInterfaceOrientationPortrait UIInterfaceOrientationPortraitUpsideDown UIInterfaceOrientationLandscapeLeft UIInterfaceOrientationLandscapeRight";
				INFOPLIST_KEY_UISupportedInterfaceOrientations_iPhone = "UIInterfaceOrientationPortrait UIInterfaceOrientationLandscapeLeft UIInterfaceOrientationLandscapeRight";
				IPHONEOS_DEPLOYMENT_TARGET = 14.0;
				LD_RUNPATH_SEARCH_PATHS = (
					"$(inherited)",
					"@executable_path/Frameworks",
				);
				MARKETING_VERSION = 1.0;
				PRODUCT_BUNDLE_IDENTIFIER = com.apple.FloridaGems;
				PRODUCT_NAME = "$(TARGET_NAME)";
				SWIFT_EMIT_LOC_STRINGS = YES;
				SWIFT_VERSION = 5.0;
				TARGETED_DEVICE_FAMILY = "1,2";
			};
			name = Debug;
		};
		5145FBAC28B4444B00B4047A /* Release */ = {
			isa = XCBuildConfiguration;
			baseConfigurationReference = 6CC79294363AF5AFFF6802DA /* Pods-FloridaGems.release.xcconfig */;
			buildSettings = {
				ASSETCATALOG_COMPILER_APPICON_NAME = AppIcon;
				ASSETCATALOG_COMPILER_GLOBAL_ACCENT_COLOR_NAME = AccentColor;
				CODE_SIGN_STYLE = Automatic;
				CURRENT_PROJECT_VERSION = 1;
				GENERATE_INFOPLIST_FILE = YES;
				INFOPLIST_FILE = FloridaGems/Info.plist;
				INFOPLIST_KEY_UIApplicationSupportsIndirectInputEvents = YES;
				INFOPLIST_KEY_UILaunchStoryboardName = LaunchScreen;
				INFOPLIST_KEY_UIMainStoryboardFile = Main;
				INFOPLIST_KEY_UISupportedInterfaceOrientations = UIInterfaceOrientationPortrait;
				INFOPLIST_KEY_UISupportedInterfaceOrientations_iPad = "UIInterfaceOrientationPortrait UIInterfaceOrientationPortraitUpsideDown UIInterfaceOrientationLandscapeLeft UIInterfaceOrientationLandscapeRight";
				INFOPLIST_KEY_UISupportedInterfaceOrientations_iPhone = "UIInterfaceOrientationPortrait UIInterfaceOrientationLandscapeLeft UIInterfaceOrientationLandscapeRight";
				IPHONEOS_DEPLOYMENT_TARGET = 14.0;
				LD_RUNPATH_SEARCH_PATHS = (
					"$(inherited)",
					"@executable_path/Frameworks",
				);
				MARKETING_VERSION = 1.0;
				PRODUCT_BUNDLE_IDENTIFIER = com.apple.FloridaGems;
				PRODUCT_NAME = "$(TARGET_NAME)";
				SWIFT_EMIT_LOC_STRINGS = YES;
				SWIFT_VERSION = 5.0;
				TARGETED_DEVICE_FAMILY = "1,2";
			};
			name = Release;
		};
/* End XCBuildConfiguration section */

/* Begin XCConfigurationList section */
		5145FB9128B4444900B4047A /* Build configuration list for PBXProject "FloridaGems" */ = {
			isa = XCConfigurationList;
			buildConfigurations = (
				5145FBA828B4444B00B4047A /* Debug */,
				5145FBA928B4444B00B4047A /* Release */,
			);
			defaultConfigurationIsVisible = 0;
			defaultConfigurationName = Release;
		};
		5145FBAA28B4444B00B4047A /* Build configuration list for PBXNativeTarget "FloridaGems" */ = {
			isa = XCConfigurationList;
			buildConfigurations = (
				5145FBAB28B4444B00B4047A /* Debug */,
				5145FBAC28B4444B00B4047A /* Release */,
			);
			defaultConfigurationIsVisible = 0;
			defaultConfigurationName = Release;
		};
/* End XCConfigurationList section */
	};
	rootObject = 5145FB8E28B4444900B4047A /* Project object */;
}
